
Microsoft Visual Studio Solution File, Format Version 12.00
# Visual Studio Version 17
VisualStudioVersion = 17.5.33516.290
MinimumVisualStudioVersion = 10.0.40219.1
Project("{9A19103F-16F7-4668-BE54-9A1E7A4F7556}") = "eshop.MVC", "eshop.MVC\eshop.MVC.csproj", "{0E4C261F-F28D-4A14-99B5-AA99F604FAA1}"
EndProject
Project("{9A19103F-16F7-4668-BE54-9A1E7A4F7556}") = "eshop.Application", "eshop.Application\eshop.Application.csproj", "{54A4197F-8607-4590-B37B-DB38E913DC1F}"
EndProject
Project("{9A19103F-16F7-4668-BE54-9A1E7A4F7556}") = "eshop.Infrastructure", "eshop.Infrastructure\eshop.Infrastructure.csproj", "{9F9E074D-9CAB-4049-B4B2-2EEBAC7B26A3}"
EndProject
Project("{9A19103F-16F7-4668-BE54-9A1E7A4F7556}") = "eshop.Entities", "eshop.Entities\eshop.Entities.csproj", "{877F0E41-1F3E-4B4B-915D-118BBC3AF274}"
EndProject
Project("{FAE04EC0-301F-11D3-BF4B-00C04F79EFBC}") = "eshop.API", "eshop.API\eshop.API.csproj", "{9345EAA8-5979-45F2-A320-58058B4436C9}"
EndProject
Global
	GlobalSection(SolutionConfigurationPlatforms) = preSolution
		Debug|Any CPU = Debug|Any CPU
		Release|Any CPU = Release|Any CPU
	EndGlobalSection
	GlobalSection(ProjectConfigurationPlatforms) = postSolution
		{0E4C261F-F28D-4A14-99B5-AA99F604FAA1}.Debug|Any CPU.ActiveCfg = Debug|Any CPU
		{0E4C261F-F28D-4A14-99B5-AA99F604FAA1}.Debug|Any CPU.Build.0 = Debug|Any CPU
		{0E4C261F-F28D-4A14-99B5-AA99F604FAA1}.Release|Any CPU.ActiveCfg = Release|Any CPU
		{0E4C261F-F28D-4A14-99B5-AA99F604FAA1}.Release|Any CPU.Build.0 = Release|Any CPU
		{54A4197F-8607-4590-B37B-DB38E913DC1F}.Debug|Any CPU.ActiveCfg = Debug|Any CPU
		{54A4197F-8607-4590-B37B-DB38E913DC1F}.Debug|Any CPU.Build.0 = Debug|Any CPU
		{54A4197F-8607-4590-B37B-DB38E913DC1F}.Release|Any CPU.ActiveCfg = Release|Any CPU
		{54A4197F-8607-4590-B37B-DB38E913DC1F}.Release|Any CPU.Build.0 = Release|Any CPU
		{9F9E074D-9CAB-4049-B4B2-2EEBAC7B26A3}.Debug|Any CPU.ActiveCfg = Debug|Any CPU
		{9F9E074D-9CAB-4049-B4B2-2EEBAC7B26A3}.Debug|Any CPU.Build.0 = Debug|Any CPU
		{9F9E074D-9CAB-4049-B4B2-2EEBAC7B26A3}.Release|Any CPU.ActiveCfg = Release|Any CPU
		{9F9E074D-9CAB-4049-B4B2-2EEBAC7B26A3}.Release|Any CPU.Build.0 = Release|Any CPU
		{877F0E41-1F3E-4B4B-915D-118BBC3AF274}.Debug|Any CPU.ActiveCfg = Debug|Any CPU
		{877F0E41-1F3E-4B4B-915D-118BBC3AF274}.Debug|Any CPU.Build.0 = Debug|Any CPU
		{877F0E41-1F3E-4B4B-915D-118BBC3AF274}.Release|Any CPU.ActiveCfg = Release|Any CPU
		{877F0E41-1F3E-4B4B-915D-118BBC3AF274}.Release|Any CPU.Build.0 = Release|Any CPU
		{9345EAA8-5979-45F2-A320-58058B4436C9}.Debug|Any CPU.ActiveCfg = Debug|Any CPU
		{9345EAA8-5979-45F2-A320-58058B4436C9}.Debug|Any CPU.Build.0 = Debug|Any CPU
		{9345EAA8-5979-45F2-A320-58058B4436C9}.Release|Any CPU.ActiveCfg = Release|Any CPU
		{9345EAA8-5979-45F2-A320-58058B4436C9}.Release|Any CPU.Build.0 = Release|Any CPU
	EndGlobalSection
	GlobalSection(SolutionProperties) = preSolution
		HideSolutionNode = FALSE
	EndGlobalSection
	GlobalSection(ExtensibilityGlobals) = postSolution
		SolutionGuid = {E713752A-9B8F-49FF-844C-341D1DE5D929}
	EndGlobalSection
EndGlobal
