
Microsoft Visual Studio Solution File, Format Version 12.00
# Visual Studio Version 17
VisualStudioVersion = 17.5.33516.290
MinimumVisualStudioVersion = 10.0.40219.1
Project("{FAE04EC0-301F-11D3-BF4B-00C04F79EFBC}") = "whileLoop", "whileLoop\whileLoop.csproj", "{26E31690-A989-43B4-AC25-CE9B3E922A56}"
EndProject
Project("{FAE04EC0-301F-11D3-BF4B-00C04F79EFBC}") = "forLoop", "forLoop\forLoop.csproj", "{21907E9E-0CA2-4348-899C-EDFBB4E6764E}"
EndProject
Global
	GlobalSection(SolutionConfigurationPlatforms) = preSolution
		Debug|Any CPU = Debug|Any CPU
		Release|Any CPU = Release|Any CPU
	EndGlobalSection
	GlobalSection(ProjectConfigurationPlatforms) = postSolution
		{26E31690-A989-43B4-AC25-CE9B3E922A56}.Debug|Any CPU.ActiveCfg = Debug|Any CPU
		{26E31690-A989-43B4-AC25-CE9B3E922A56}.Debug|Any CPU.Build.0 = Debug|Any CPU
		{26E31690-A989-43B4-AC25-CE9B3E922A56}.Release|Any CPU.ActiveCfg = Release|Any CPU
		{26E31690-A989-43B4-AC25-CE9B3E922A56}.Release|Any CPU.Build.0 = Release|Any CPU
		{21907E9E-0CA2-4348-899C-EDFBB4E6764E}.Debug|Any CPU.ActiveCfg = Debug|Any CPU
		{21907E9E-0CA2-4348-899C-EDFBB4E6764E}.Debug|Any CPU.Build.0 = Debug|Any CPU
		{21907E9E-0CA2-4348-899C-EDFBB4E6764E}.Release|Any CPU.ActiveCfg = Release|Any CPU
		{21907E9E-0CA2-4348-899C-EDFBB4E6764E}.Release|Any CPU.Build.0 = Release|Any CPU
	EndGlobalSection
	GlobalSection(SolutionProperties) = preSolution
		HideSolutionNode = FALSE
	EndGlobalSection
	GlobalSection(ExtensibilityGlobals) = postSolution
		SolutionGuid = {700CAA82-F353-4343-8890-ED5932755E54}
	EndGlobalSection
EndGlobal
