
Microsoft Visual Studio Solution File, Format Version 12.00
# Visual Studio Version 17
VisualStudioVersion = 17.5.33516.290
MinimumVisualStudioVersion = 10.0.40219.1
Project("{FAE04EC0-301F-11D3-BF4B-00C04F79EFBC}") = "GenericTypes", "GenericTypes\GenericTypes.csproj", "{B6C952CB-1962-4915-9A7D-87887AD39DB5}"
EndProject
Global
	GlobalSection(SolutionConfigurationPlatforms) = preSolution
		Debug|Any CPU = Debug|Any CPU
		Release|Any CPU = Release|Any CPU
	EndGlobalSection
	GlobalSection(ProjectConfigurationPlatforms) = postSolution
		{B6C952CB-1962-4915-9A7D-87887AD39DB5}.Debug|Any CPU.ActiveCfg = Debug|Any CPU
		{B6C952CB-1962-4915-9A7D-87887AD39DB5}.Debug|Any CPU.Build.0 = Debug|Any CPU
		{B6C952CB-1962-4915-9A7D-87887AD39DB5}.Release|Any CPU.ActiveCfg = Release|Any CPU
		{B6C952CB-1962-4915-9A7D-87887AD39DB5}.Release|Any CPU.Build.0 = Release|Any CPU
	EndGlobalSection
	GlobalSection(SolutionProperties) = preSolution
		HideSolutionNode = FALSE
	EndGlobalSection
	GlobalSection(ExtensibilityGlobals) = postSolution
		SolutionGuid = {DCBBD0B2-8574-4B49-B50F-F14A67B5DB5B}
	EndGlobalSection
EndGlobal
