
Microsoft Visual Studio Solution File, Format Version 12.00
# Visual Studio Version 17
VisualStudioVersion = 17.5.33516.290
MinimumVisualStudioVersion = 10.0.40219.1
Project("{FAE04EC0-301F-11D3-BF4B-00C04F79EFBC}") = "introduceDotnetCore", "introduceDotnetCore\introduceDotnetCore.csproj", "{86870A4C-7FAC-4F5A-8C60-C8415B1BC1FB}"
EndProject
Global
	GlobalSection(SolutionConfigurationPlatforms) = preSolution
		Debug|Any CPU = Debug|Any CPU
		Release|Any CPU = Release|Any CPU
	EndGlobalSection
	GlobalSection(ProjectConfigurationPlatforms) = postSolution
		{86870A4C-7FAC-4F5A-8C60-C8415B1BC1FB}.Debug|Any CPU.ActiveCfg = Debug|Any CPU
		{86870A4C-7FAC-4F5A-8C60-C8415B1BC1FB}.Debug|Any CPU.Build.0 = Debug|Any CPU
		{86870A4C-7FAC-4F5A-8C60-C8415B1BC1FB}.Release|Any CPU.ActiveCfg = Release|Any CPU
		{86870A4C-7FAC-4F5A-8C60-C8415B1BC1FB}.Release|Any CPU.Build.0 = Release|Any CPU
	EndGlobalSection
	GlobalSection(SolutionProperties) = preSolution
		HideSolutionNode = FALSE
	EndGlobalSection
	GlobalSection(ExtensibilityGlobals) = postSolution
		SolutionGuid = {55AF681F-2BA5-4571-9308-6026D8A67EA7}
	EndGlobalSection
EndGlobal
